// !$*UTF8*$!
{
	archiveVersion = 1;
	classes = {
	};
	objectVersion = 56;
	objects = {

/* Begin PBXBuildFile section */
		02CCC31D2A9F96AD00629DA2 /* JPMCSchoolChallengeApp.swift in Sources */ = {isa = PBXBuildFile; fileRef = 02CCC31C2A9F96AD00629DA2 /* JPMCSchoolChallengeApp.swift */; };
		02CCC31F2A9F96AD00629DA2 /* SchoolListView.swift in Sources */ = {isa = PBXBuildFile; fileRef = 02CCC31E2A9F96AD00629DA2 /* SchoolListView.swift */; };
		02CCC3212A9F96AF00629DA2 /* Assets.xcassets in Resources */ = {isa = PBXBuildFile; fileRef = 02CCC3202A9F96AF00629DA2 /* Assets.xcassets */; };
		02CCC3242A9F96AF00629DA2 /* Preview Assets.xcassets in Resources */ = {isa = PBXBuildFile; fileRef = 02CCC3232A9F96AF00629DA2 /* Preview Assets.xcassets */; };
		02CCC32E2A9F96AF00629DA2 /* JPMCSchoolChallengeTests.swift in Sources */ = {isa = PBXBuildFile; fileRef = 02CCC32D2A9F96AF00629DA2 /* JPMCSchoolChallengeTests.swift */; };
		02CCC3382A9F96AF00629DA2 /* JPMCSchoolChallengeUITests.swift in Sources */ = {isa = PBXBuildFile; fileRef = 02CCC3372A9F96AF00629DA2 /* JPMCSchoolChallengeUITests.swift */; };
		02CCC33A2A9F96AF00629DA2 /* JPMCSchoolChallengeUITestsLaunchTests.swift in Sources */ = {isa = PBXBuildFile; fileRef = 02CCC3392A9F96AF00629DA2 /* JPMCSchoolChallengeUITestsLaunchTests.swift */; };
		02CCC34A2A9F982600629DA2 /* School.swift in Sources */ = {isa = PBXBuildFile; fileRef = 02CCC3492A9F982600629DA2 /* School.swift */; };
		02CCC34E2A9FA3E300629DA2 /* APIEndpoint.swift in Sources */ = {isa = PBXBuildFile; fileRef = 02CCC34D2A9FA3E300629DA2 /* APIEndpoint.swift */; };
		02CCC3502A9FA52500629DA2 /* SATScores.swift in Sources */ = {isa = PBXBuildFile; fileRef = 02CCC34F2A9FA52500629DA2 /* SATScores.swift */; };
		02CCC3552A9FA75C00629DA2 /* NetworkResponseProtocol.swift in Sources */ = {isa = PBXBuildFile; fileRef = 02CCC3512A9FA75C00629DA2 /* NetworkResponseProtocol.swift */; };
		02CCC3562A9FA75C00629DA2 /* NetworkManager.swift in Sources */ = {isa = PBXBuildFile; fileRef = 02CCC3522A9FA75C00629DA2 /* NetworkManager.swift */; };
		02CCC3572A9FA75C00629DA2 /* NetworkManagerSessionable.swift in Sources */ = {isa = PBXBuildFile; fileRef = 02CCC3532A9FA75C00629DA2 /* NetworkManagerSessionable.swift */; };
		02CCC3582A9FA75C00629DA2 /* NetworkError.swift in Sources */ = {isa = PBXBuildFile; fileRef = 02CCC3542A9FA75C00629DA2 /* NetworkError.swift */; };
		02CCC35A2A9FAA8500629DA2 /* Request.swift in Sources */ = {isa = PBXBuildFile; fileRef = 02CCC3592A9FAA8500629DA2 /* Request.swift */; };
		02CCC35D2A9FABA800629DA2 /* SchoolRepository.swift in Sources */ = {isa = PBXBuildFile; fileRef = 02CCC35C2A9FABA800629DA2 /* SchoolRepository.swift */; };
		02CCC35F2A9FABC300629DA2 /* SATScoreRepository.swift in Sources */ = {isa = PBXBuildFile; fileRef = 02CCC35E2A9FABC300629DA2 /* SATScoreRepository.swift */; };
		02CCC3612A9FAC7300629DA2 /* SchoolRequest.swift in Sources */ = {isa = PBXBuildFile; fileRef = 02CCC3602A9FAC7300629DA2 /* SchoolRequest.swift */; };
		02CCC3632A9FAD5900629DA2 /* SATScoreRequest.swift in Sources */ = {isa = PBXBuildFile; fileRef = 02CCC3622A9FAD5900629DA2 /* SATScoreRequest.swift */; };
		02CCC3652A9FB3FB00629DA2 /* SchoolViewModel.swift in Sources */ = {isa = PBXBuildFile; fileRef = 02CCC3642A9FB3FB00629DA2 /* SchoolViewModel.swift */; };
/* End PBXBuildFile section */

/* Begin PBXContainerItemProxy section */
		02CCC32A2A9F96AF00629DA2 /* PBXContainerItemProxy */ = {
			isa = PBXContainerItemProxy;
			containerPortal = 02CCC3112A9F96AD00629DA2 /* Project object */;
			proxyType = 1;
			remoteGlobalIDString = 02CCC3182A9F96AD00629DA2;
			remoteInfo = JPMCSchoolChallenge;
		};
		02CCC3342A9F96AF00629DA2 /* PBXContainerItemProxy */ = {
			isa = PBXContainerItemProxy;
			containerPortal = 02CCC3112A9F96AD00629DA2 /* Project object */;
			proxyType = 1;
			remoteGlobalIDString = 02CCC3182A9F96AD00629DA2;
			remoteInfo = JPMCSchoolChallenge;
		};
/* End PBXContainerItemProxy section */

/* Begin PBXFileReference section */
		02CCC3192A9F96AD00629DA2 /* JPMCSchoolChallenge.app */ = {isa = PBXFileReference; explicitFileType = wrapper.application; includeInIndex = 0; path = JPMCSchoolChallenge.app; sourceTree = BUILT_PRODUCTS_DIR; };
		02CCC31C2A9F96AD00629DA2 /* JPMCSchoolChallengeApp.swift */ = {isa = PBXFileReference; lastKnownFileType = sourcecode.swift; path = JPMCSchoolChallengeApp.swift; sourceTree = "<group>"; };
		02CCC31E2A9F96AD00629DA2 /* SchoolListView.swift */ = {isa = PBXFileReference; lastKnownFileType = sourcecode.swift; path = SchoolListView.swift; sourceTree = "<group>"; };
		02CCC3202A9F96AF00629DA2 /* Assets.xcassets */ = {isa = PBXFileReference; lastKnownFileType = folder.assetcatalog; path = Assets.xcassets; sourceTree = "<group>"; };
		02CCC3232A9F96AF00629DA2 /* Preview Assets.xcassets */ = {isa = PBXFileReference; lastKnownFileType = folder.assetcatalog; path = "Preview Assets.xcassets"; sourceTree = "<group>"; };
		02CCC3292A9F96AF00629DA2 /* JPMCSchoolChallengeTests.xctest */ = {isa = PBXFileReference; explicitFileType = wrapper.cfbundle; includeInIndex = 0; path = JPMCSchoolChallengeTests.xctest; sourceTree = BUILT_PRODUCTS_DIR; };
		02CCC32D2A9F96AF00629DA2 /* JPMCSchoolChallengeTests.swift */ = {isa = PBXFileReference; lastKnownFileType = sourcecode.swift; path = JPMCSchoolChallengeTests.swift; sourceTree = "<group>"; };
		02CCC3332A9F96AF00629DA2 /* JPMCSchoolChallengeUITests.xctest */ = {isa = PBXFileReference; explicitFileType = wrapper.cfbundle; includeInIndex = 0; path = JPMCSchoolChallengeUITests.xctest; sourceTree = BUILT_PRODUCTS_DIR; };
		02CCC3372A9F96AF00629DA2 /* JPMCSchoolChallengeUITests.swift */ = {isa = PBXFileReference; lastKnownFileType = sourcecode.swift; path = JPMCSchoolChallengeUITests.swift; sourceTree = "<group>"; };
		02CCC3392A9F96AF00629DA2 /* JPMCSchoolChallengeUITestsLaunchTests.swift */ = {isa = PBXFileReference; lastKnownFileType = sourcecode.swift; path = JPMCSchoolChallengeUITestsLaunchTests.swift; sourceTree = "<group>"; };
		02CCC3492A9F982600629DA2 /* School.swift */ = {isa = PBXFileReference; lastKnownFileType = sourcecode.swift; path = School.swift; sourceTree = "<group>"; };
		02CCC34D2A9FA3E300629DA2 /* APIEndpoint.swift */ = {isa = PBXFileReference; lastKnownFileType = sourcecode.swift; path = APIEndpoint.swift; sourceTree = "<group>"; };
		02CCC34F2A9FA52500629DA2 /* SATScores.swift */ = {isa = PBXFileReference; lastKnownFileType = sourcecode.swift; path = SATScores.swift; sourceTree = "<group>"; };
		02CCC3512A9FA75C00629DA2 /* NetworkResponseProtocol.swift */ = {isa = PBXFileReference; fileEncoding = 4; lastKnownFileType = sourcecode.swift; path = NetworkResponseProtocol.swift; sourceTree = "<group>"; };
		02CCC3522A9FA75C00629DA2 /* NetworkManager.swift */ = {isa = PBXFileReference; fileEncoding = 4; lastKnownFileType = sourcecode.swift; path = NetworkManager.swift; sourceTree = "<group>"; };
		02CCC3532A9FA75C00629DA2 /* NetworkManagerSessionable.swift */ = {isa = PBXFileReference; fileEncoding = 4; lastKnownFileType = sourcecode.swift; path = NetworkManagerSessionable.swift; sourceTree = "<group>"; };
		02CCC3542A9FA75C00629DA2 /* NetworkError.swift */ = {isa = PBXFileReference; fileEncoding = 4; lastKnownFileType = sourcecode.swift; path = NetworkError.swift; sourceTree = "<group>"; };
		02CCC3592A9FAA8500629DA2 /* Request.swift */ = {isa = PBXFileReference; fileEncoding = 4; lastKnownFileType = sourcecode.swift; path = Request.swift; sourceTree = "<group>"; };
		02CCC35C2A9FABA800629DA2 /* SchoolRepository.swift */ = {isa = PBXFileReference; lastKnownFileType = sourcecode.swift; path = SchoolRepository.swift; sourceTree = "<group>"; };
		02CCC35E2A9FABC300629DA2 /* SATScoreRepository.swift */ = {isa = PBXFileReference; lastKnownFileType = sourcecode.swift; path = SATScoreRepository.swift; sourceTree = "<group>"; };
		02CCC3602A9FAC7300629DA2 /* SchoolRequest.swift */ = {isa = PBXFileReference; lastKnownFileType = sourcecode.swift; path = SchoolRequest.swift; sourceTree = "<group>"; };
		02CCC3622A9FAD5900629DA2 /* SATScoreRequest.swift */ = {isa = PBXFileReference; fileEncoding = 4; lastKnownFileType = sourcecode.swift; path = SATScoreRequest.swift; sourceTree = "<group>"; };
		02CCC3642A9FB3FB00629DA2 /* SchoolViewModel.swift */ = {isa = PBXFileReference; lastKnownFileType = sourcecode.swift; path = SchoolViewModel.swift; sourceTree = "<group>"; };
/* End PBXFileReference section */

/* Begin PBXFrameworksBuildPhase section */
		02CCC3162A9F96AD00629DA2 /* Frameworks */ = {
			isa = PBXFrameworksBuildPhase;
			buildActionMask = 2147483647;
			files = (
			);
			runOnlyForDeploymentPostprocessing = 0;
		};
		02CCC3262A9F96AF00629DA2 /* Frameworks */ = {
			isa = PBXFrameworksBuildPhase;
			buildActionMask = 2147483647;
			files = (
			);
			runOnlyForDeploymentPostprocessing = 0;
		};
		02CCC3302A9F96AF00629DA2 /* Frameworks */ = {
			isa = PBXFrameworksBuildPhase;
			buildActionMask = 2147483647;
			files = (
			);
			runOnlyForDeploymentPostprocessing = 0;
		};
/* End PBXFrameworksBuildPhase section */

/* Begin PBXGroup section */
		02CCC3102A9F96AD00629DA2 = {
			isa = PBXGroup;
			children = (
				02CCC31B2A9F96AD00629DA2 /* JPMCSchoolChallenge */,
				02CCC32C2A9F96AF00629DA2 /* JPMCSchoolChallengeTests */,
				02CCC3362A9F96AF00629DA2 /* JPMCSchoolChallengeUITests */,
				02CCC31A2A9F96AD00629DA2 /* Products */,
			);
			sourceTree = "<group>";
		};
		02CCC31A2A9F96AD00629DA2 /* Products */ = {
			isa = PBXGroup;
			children = (
				02CCC3192A9F96AD00629DA2 /* JPMCSchoolChallenge.app */,
				02CCC3292A9F96AF00629DA2 /* JPMCSchoolChallengeTests.xctest */,
				02CCC3332A9F96AF00629DA2 /* JPMCSchoolChallengeUITests.xctest */,
			);
			name = Products;
			sourceTree = "<group>";
		};
		02CCC31B2A9F96AD00629DA2 /* JPMCSchoolChallenge */ = {
			isa = PBXGroup;
			children = (
				02CCC35B2A9FAB7000629DA2 /* Repository */,
				02CCC3482A9F96DD00629DA2 /* Model */,
				02CCC3472A9F96D600629DA2 /* View */,
				02CCC3462A9F96C900629DA2 /* ViewModel */,
				02CCC34B2A9FA3B800629DA2 /* Network */,
				02CCC31C2A9F96AD00629DA2 /* JPMCSchoolChallengeApp.swift */,
				02CCC3202A9F96AF00629DA2 /* Assets.xcassets */,
				02CCC3222A9F96AF00629DA2 /* Preview Content */,
			);
			path = JPMCSchoolChallenge;
			sourceTree = "<group>";
		};
		02CCC3222A9F96AF00629DA2 /* Preview Content */ = {
			isa = PBXGroup;
			children = (
				02CCC3232A9F96AF00629DA2 /* Preview Assets.xcassets */,
			);
			path = "Preview Content";
			sourceTree = "<group>";
		};
		02CCC32C2A9F96AF00629DA2 /* JPMCSchoolChallengeTests */ = {
			isa = PBXGroup;
			children = (
				02CCC32D2A9F96AF00629DA2 /* JPMCSchoolChallengeTests.swift */,
			);
			path = JPMCSchoolChallengeTests;
			sourceTree = "<group>";
		};
		02CCC3362A9F96AF00629DA2 /* JPMCSchoolChallengeUITests */ = {
			isa = PBXGroup;
			children = (
				02CCC3372A9F96AF00629DA2 /* JPMCSchoolChallengeUITests.swift */,
				02CCC3392A9F96AF00629DA2 /* JPMCSchoolChallengeUITestsLaunchTests.swift */,
			);
			path = JPMCSchoolChallengeUITests;
			sourceTree = "<group>";
		};
		02CCC3462A9F96C900629DA2 /* ViewModel */ = {
			isa = PBXGroup;
			children = (
				02CCC3642A9FB3FB00629DA2 /* SchoolViewModel.swift */,
			);
			path = ViewModel;
			sourceTree = "<group>";
		};
		02CCC3472A9F96D600629DA2 /* View */ = {
			isa = PBXGroup;
			children = (
				02CCC31E2A9F96AD00629DA2 /* SchoolListView.swift */,
			);
			path = View;
			sourceTree = "<group>";
		};
		02CCC3482A9F96DD00629DA2 /* Model */ = {
			isa = PBXGroup;
			children = (
				02CCC3492A9F982600629DA2 /* School.swift */,
				02CCC34F2A9FA52500629DA2 /* SATScores.swift */,
			);
			path = Model;
			sourceTree = "<group>";
		};
		02CCC34B2A9FA3B800629DA2 /* Network */ = {
			isa = PBXGroup;
			children = (
				02CCC34C2A9FA3CB00629DA2 /* Request */,
				02CCC3542A9FA75C00629DA2 /* NetworkError.swift */,
				02CCC3522A9FA75C00629DA2 /* NetworkManager.swift */,
				02CCC3532A9FA75C00629DA2 /* NetworkManagerSessionable.swift */,
				02CCC3512A9FA75C00629DA2 /* NetworkResponseProtocol.swift */,
			);
			path = Network;
			sourceTree = "<group>";
		};
		02CCC34C2A9FA3CB00629DA2 /* Request */ = {
			isa = PBXGroup;
			children = (
				02CCC3622A9FAD5900629DA2 /* SATScoreRequest.swift */,
				02CCC3592A9FAA8500629DA2 /* Request.swift */,
				02CCC34D2A9FA3E300629DA2 /* APIEndpoint.swift */,
				02CCC3602A9FAC7300629DA2 /* SchoolRequest.swift */,
			);
			path = Request;
			sourceTree = "<group>";
		};
		02CCC35B2A9FAB7000629DA2 /* Repository */ = {
			isa = PBXGroup;
			children = (
				02CCC35C2A9FABA800629DA2 /* SchoolRepository.swift */,
				02CCC35E2A9FABC300629DA2 /* SATScoreRepository.swift */,
			);
			path = Repository;
			sourceTree = "<group>";
		};
/* End PBXGroup section */

/* Begin PBXNativeTarget section */
		02CCC3182A9F96AD00629DA2 /* JPMCSchoolChallenge */ = {
			isa = PBXNativeTarget;
			buildConfigurationList = 02CCC33D2A9F96AF00629DA2 /* Build configuration list for PBXNativeTarget "JPMCSchoolChallenge" */;
			buildPhases = (
				02CCC3152A9F96AD00629DA2 /* Sources */,
				02CCC3162A9F96AD00629DA2 /* Frameworks */,
				02CCC3172A9F96AD00629DA2 /* Resources */,
			);
			buildRules = (
			);
			dependencies = (
			);
			name = JPMCSchoolChallenge;
			productName = JPMCSchoolChallenge;
			productReference = 02CCC3192A9F96AD00629DA2 /* JPMCSchoolChallenge.app */;
			productType = "com.apple.product-type.application";
		};
		02CCC3282A9F96AF00629DA2 /* JPMCSchoolChallengeTests */ = {
			isa = PBXNativeTarget;
			buildConfigurationList = 02CCC3402A9F96B000629DA2 /* Build configuration list for PBXNativeTarget "JPMCSchoolChallengeTests" */;
			buildPhases = (
				02CCC3252A9F96AF00629DA2 /* Sources */,
				02CCC3262A9F96AF00629DA2 /* Frameworks */,
				02CCC3272A9F96AF00629DA2 /* Resources */,
			);
			buildRules = (
			);
			dependencies = (
				02CCC32B2A9F96AF00629DA2 /* PBXTargetDependency */,
			);
			name = JPMCSchoolChallengeTests;
			productName = JPMCSchoolChallengeTests;
			productReference = 02CCC3292A9F96AF00629DA2 /* JPMCSchoolChallengeTests.xctest */;
			productType = "com.apple.product-type.bundle.unit-test";
		};
		02CCC3322A9F96AF00629DA2 /* JPMCSchoolChallengeUITests */ = {
			isa = PBXNativeTarget;
			buildConfigurationList = 02CCC3432A9F96B000629DA2 /* Build configuration list for PBXNativeTarget "JPMCSchoolChallengeUITests" */;
			buildPhases = (
				02CCC32F2A9F96AF00629DA2 /* Sources */,
				02CCC3302A9F96AF00629DA2 /* Frameworks */,
				02CCC3312A9F96AF00629DA2 /* Resources */,
			);
			buildRules = (
			);
			dependencies = (
				02CCC3352A9F96AF00629DA2 /* PBXTargetDependency */,
			);
			name = JPMCSchoolChallengeUITests;
			productName = JPMCSchoolChallengeUITests;
			productReference = 02CCC3332A9F96AF00629DA2 /* JPMCSchoolChallengeUITests.xctest */;
			productType = "com.apple.product-type.bundle.ui-testing";
		};
/* End PBXNativeTarget section */

/* Begin PBXProject section */
		02CCC3112A9F96AD00629DA2 /* Project object */ = {
			isa = PBXProject;
			attributes = {
				BuildIndependentTargetsInParallel = 1;
				LastSwiftUpdateCheck = 1430;
				LastUpgradeCheck = 1430;
				TargetAttributes = {
					02CCC3182A9F96AD00629DA2 = {
						CreatedOnToolsVersion = 14.3.1;
					};
					02CCC3282A9F96AF00629DA2 = {
						CreatedOnToolsVersion = 14.3.1;
						TestTargetID = 02CCC3182A9F96AD00629DA2;
					};
					02CCC3322A9F96AF00629DA2 = {
						CreatedOnToolsVersion = 14.3.1;
						TestTargetID = 02CCC3182A9F96AD00629DA2;
					};
				};
			};
			buildConfigurationList = 02CCC3142A9F96AD00629DA2 /* Build configuration list for PBXProject "JPMCSchoolChallenge" */;
			compatibilityVersion = "Xcode 14.0";
			developmentRegion = en;
			hasScannedForEncodings = 0;
			knownRegions = (
				en,
				Base,
			);
			mainGroup = 02CCC3102A9F96AD00629DA2;
			productRefGroup = 02CCC31A2A9F96AD00629DA2 /* Products */;
			projectDirPath = "";
			projectRoot = "";
			targets = (
				02CCC3182A9F96AD00629DA2 /* JPMCSchoolChallenge */,
				02CCC3282A9F96AF00629DA2 /* JPMCSchoolChallengeTests */,
				02CCC3322A9F96AF00629DA2 /* JPMCSchoolChallengeUITests */,
			);
		};
/* End PBXProject section */

/* Begin PBXResourcesBuildPhase section */
		02CCC3172A9F96AD00629DA2 /* Resources */ = {
			isa = PBXResourcesBuildPhase;
			buildActionMask = 2147483647;
			files = (
				02CCC3242A9F96AF00629DA2 /* Preview Assets.xcassets in Resources */,
				02CCC3212A9F96AF00629DA2 /* Assets.xcassets in Resources */,
			);
			runOnlyForDeploymentPostprocessing = 0;
		};
		02CCC3272A9F96AF00629DA2 /* Resources */ = {
			isa = PBXResourcesBuildPhase;
			buildActionMask = 2147483647;
			files = (
			);
			runOnlyForDeploymentPostprocessing = 0;
		};
		02CCC3312A9F96AF00629DA2 /* Resources */ = {
			isa = PBXResourcesBuildPhase;
			buildActionMask = 2147483647;
			files = (
			);
			runOnlyForDeploymentPostprocessing = 0;
		};
/* End PBXResourcesBuildPhase section */

/* Begin PBXSourcesBuildPhase section */
		02CCC3152A9F96AD00629DA2 /* Sources */ = {
			isa = PBXSourcesBuildPhase;
			buildActionMask = 2147483647;
			files = (
				02CCC3612A9FAC7300629DA2 /* SchoolRequest.swift in Sources */,
				02CCC31F2A9F96AD00629DA2 /* SchoolListView.swift in Sources */,
				02CCC34A2A9F982600629DA2 /* School.swift in Sources */,
				02CCC31D2A9F96AD00629DA2 /* JPMCSchoolChallengeApp.swift in Sources */,
				02CCC35F2A9FABC300629DA2 /* SATScoreRepository.swift in Sources */,
				02CCC3632A9FAD5900629DA2 /* SATScoreRequest.swift in Sources */,
				02CCC3652A9FB3FB00629DA2 /* SchoolViewModel.swift in Sources */,
				02CCC3562A9FA75C00629DA2 /* NetworkManager.swift in Sources */,
				02CCC3502A9FA52500629DA2 /* SATScores.swift in Sources */,
				02CCC34E2A9FA3E300629DA2 /* APIEndpoint.swift in Sources */,
				02CCC3582A9FA75C00629DA2 /* NetworkError.swift in Sources */,
				02CCC35D2A9FABA800629DA2 /* SchoolRepository.swift in Sources */,
				02CCC35A2A9FAA8500629DA2 /* Request.swift in Sources */,
				02CCC3552A9FA75C00629DA2 /* NetworkResponseProtocol.swift in Sources */,
				02CCC3572A9FA75C00629DA2 /* NetworkManagerSessionable.swift in Sources */,
			);
			runOnlyForDeploymentPostprocessing = 0;
		};
		02CCC3252A9F96AF00629DA2 /* Sources */ = {
			isa = PBXSourcesBuildPhase;
			buildActionMask = 2147483647;
			files = (
				02CCC32E2A9F96AF00629DA2 /* JPMCSchoolChallengeTests.swift in Sources */,
			);
			runOnlyForDeploymentPostprocessing = 0;
		};
		02CCC32F2A9F96AF00629DA2 /* Sources */ = {
			isa = PBXSourcesBuildPhase;
			buildActionMask = 2147483647;
			files = (
				02CCC33A2A9F96AF00629DA2 /* JPMCSchoolChallengeUITestsLaunchTests.swift in Sources */,
				02CCC3382A9F96AF00629DA2 /* JPMCSchoolChallengeUITests.swift in Sources */,
			);
			runOnlyForDeploymentPostprocessing = 0;
		};
/* End PBXSourcesBuildPhase section */

/* Begin PBXTargetDependency section */
		02CCC32B2A9F96AF00629DA2 /* PBXTargetDependency */ = {
			isa = PBXTargetDependency;
			target = 02CCC3182A9F96AD00629DA2 /* JPMCSchoolChallenge */;
			targetProxy = 02CCC32A2A9F96AF00629DA2 /* PBXContainerItemProxy */;
		};
		02CCC3352A9F96AF00629DA2 /* PBXTargetDependency */ = {
			isa = PBXTargetDependency;
			target = 02CCC3182A9F96AD00629DA2 /* JPMCSchoolChallenge */;
			targetProxy = 02CCC3342A9F96AF00629DA2 /* PBXContainerItemProxy */;
		};
/* End PBXTargetDependency section */

/* Begin XCBuildConfiguration section */
		02CCC33B2A9F96AF00629DA2 /* Debug */ = {
			isa = XCBuildConfiguration;
			buildSettings = {
				ALWAYS_SEARCH_USER_PATHS = NO;
				CLANG_ANALYZER_NONNULL = YES;
				CLANG_ANALYZER_NUMBER_OBJECT_CONVERSION = YES_AGGRESSIVE;
				CLANG_CXX_LANGUAGE_STANDARD = "gnu++20";
				CLANG_ENABLE_MODULES = YES;
				CLANG_ENABLE_OBJC_ARC = YES;
				CLANG_ENABLE_OBJC_WEAK = YES;
				CLANG_WARN_BLOCK_CAPTURE_AUTORELEASING = YES;
				CLANG_WARN_BOOL_CONVERSION = YES;
				CLANG_WARN_COMMA = YES;
				CLANG_WARN_CONSTANT_CONVERSION = YES;
				CLANG_WARN_DEPRECATED_OBJC_IMPLEMENTATIONS = YES;
				CLANG_WARN_DIRECT_OBJC_ISA_USAGE = YES_ERROR;
				CLANG_WARN_DOCUMENTATION_COMMENTS = YES;
				CLANG_WARN_EMPTY_BODY = YES;
				CLANG_WARN_ENUM_CONVERSION = YES;
				CLANG_WARN_INFINITE_RECURSION = YES;
				CLANG_WARN_INT_CONVERSION = YES;
				CLANG_WARN_NON_LITERAL_NULL_CONVERSION = YES;
				CLANG_WARN_OBJC_IMPLICIT_RETAIN_SELF = YES;
				CLANG_WARN_OBJC_LITERAL_CONVERSION = YES;
				CLANG_WARN_OBJC_ROOT_CLASS = YES_ERROR;
				CLANG_WARN_QUOTED_INCLUDE_IN_FRAMEWORK_HEADER = YES;
				CLANG_WARN_RANGE_LOOP_ANALYSIS = YES;
				CLANG_WARN_STRICT_PROTOTYPES = YES;
				CLANG_WARN_SUSPICIOUS_MOVE = YES;
				CLANG_WARN_UNGUARDED_AVAILABILITY = YES_AGGRESSIVE;
				CLANG_WARN_UNREACHABLE_CODE = YES;
				CLANG_WARN__DUPLICATE_METHOD_MATCH = YES;
				COPY_PHASE_STRIP = NO;
				DEBUG_INFORMATION_FORMAT = dwarf;
				ENABLE_STRICT_OBJC_MSGSEND = YES;
				ENABLE_TESTABILITY = YES;
				GCC_C_LANGUAGE_STANDARD = gnu11;
				GCC_DYNAMIC_NO_PIC = NO;
				GCC_NO_COMMON_BLOCKS = YES;
				GCC_OPTIMIZATION_LEVEL = 0;
				GCC_PREPROCESSOR_DEFINITIONS = (
					"DEBUG=1",
					"$(inherited)",
				);
				GCC_WARN_64_TO_32_BIT_CONVERSION = YES;
				GCC_WARN_ABOUT_RETURN_TYPE = YES_ERROR;
				GCC_WARN_UNDECLARED_SELECTOR = YES;
				GCC_WARN_UNINITIALIZED_AUTOS = YES_AGGRESSIVE;
				GCC_WARN_UNUSED_FUNCTION = YES;
				GCC_WARN_UNUSED_VARIABLE = YES;
				IPHONEOS_DEPLOYMENT_TARGET = 16.4;
				MTL_ENABLE_DEBUG_INFO = INCLUDE_SOURCE;
				MTL_FAST_MATH = YES;
				ONLY_ACTIVE_ARCH = YES;
				SDKROOT = iphoneos;
				SWIFT_ACTIVE_COMPILATION_CONDITIONS = DEBUG;
				SWIFT_OPTIMIZATION_LEVEL = "-Onone";
			};
			name = Debug;
		};
		02CCC33C2A9F96AF00629DA2 /* Release */ = {
			isa = XCBuildConfiguration;
			buildSettings = {
				ALWAYS_SEARCH_USER_PATHS = NO;
				CLANG_ANALYZER_NONNULL = YES;
				CLANG_ANALYZER_NUMBER_OBJECT_CONVERSION = YES_AGGRESSIVE;
				CLANG_CXX_LANGUAGE_STANDARD = "gnu++20";
				CLANG_ENABLE_MODULES = YES;
				CLANG_ENABLE_OBJC_ARC = YES;
				CLANG_ENABLE_OBJC_WEAK = YES;
				CLANG_WARN_BLOCK_CAPTURE_AUTORELEASING = YES;
				CLANG_WARN_BOOL_CONVERSION = YES;
				CLANG_WARN_COMMA = YES;
				CLANG_WARN_CONSTANT_CONVERSION = YES;
				CLANG_WARN_DEPRECATED_OBJC_IMPLEMENTATIONS = YES;
				CLANG_WARN_DIRECT_OBJC_ISA_USAGE = YES_ERROR;
				CLANG_WARN_DOCUMENTATION_COMMENTS = YES;
				CLANG_WARN_EMPTY_BODY = YES;
				CLANG_WARN_ENUM_CONVERSION = YES;
				CLANG_WARN_INFINITE_RECURSION = YES;
				CLANG_WARN_INT_CONVERSION = YES;
				CLANG_WARN_NON_LITERAL_NULL_CONVERSION = YES;
				CLANG_WARN_OBJC_IMPLICIT_RETAIN_SELF = YES;
				CLANG_WARN_OBJC_LITERAL_CONVERSION = YES;
				CLANG_WARN_OBJC_ROOT_CLASS = YES_ERROR;
				CLANG_WARN_QUOTED_INCLUDE_IN_FRAMEWORK_HEADER = YES;
				CLANG_WARN_RANGE_LOOP_ANALYSIS = YES;
				CLANG_WARN_STRICT_PROTOTYPES = YES;
				CLANG_WARN_SUSPICIOUS_MOVE = YES;
				CLANG_WARN_UNGUARDED_AVAILABILITY = YES_AGGRESSIVE;
				CLANG_WARN_UNREACHABLE_CODE = YES;
				CLANG_WARN__DUPLICATE_METHOD_MATCH = YES;
				COPY_PHASE_STRIP = NO;
				DEBUG_INFORMATION_FORMAT = "dwarf-with-dsym";
				ENABLE_NS_ASSERTIONS = NO;
				ENABLE_STRICT_OBJC_MSGSEND = YES;
				GCC_C_LANGUAGE_STANDARD = gnu11;
				GCC_NO_COMMON_BLOCKS = YES;
				GCC_WARN_64_TO_32_BIT_CONVERSION = YES;
				GCC_WARN_ABOUT_RETURN_TYPE = YES_ERROR;
				GCC_WARN_UNDECLARED_SELECTOR = YES;
				GCC_WARN_UNINITIALIZED_AUTOS = YES_AGGRESSIVE;
				GCC_WARN_UNUSED_FUNCTION = YES;
				GCC_WARN_UNUSED_VARIABLE = YES;
				IPHONEOS_DEPLOYMENT_TARGET = 16.4;
				MTL_ENABLE_DEBUG_INFO = NO;
				MTL_FAST_MATH = YES;
				SDKROOT = iphoneos;
				SWIFT_COMPILATION_MODE = wholemodule;
				SWIFT_OPTIMIZATION_LEVEL = "-O";
				VALIDATE_PRODUCT = YES;
			};
			name = Release;
		};
		02CCC33E2A9F96AF00629DA2 /* Debug */ = {
			isa = XCBuildConfiguration;
			buildSettings = {
				ASSETCATALOG_COMPILER_APPICON_NAME = AppIcon;
				ASSETCATALOG_COMPILER_GLOBAL_ACCENT_COLOR_NAME = AccentColor;
				CODE_SIGN_STYLE = Automatic;
				CURRENT_PROJECT_VERSION = 1;
				DEVELOPMENT_ASSET_PATHS = "\"JPMCSchoolChallenge/Preview Content\"";
				DEVELOPMENT_TEAM = 23776499PM;
				ENABLE_PREVIEWS = YES;
				GENERATE_INFOPLIST_FILE = YES;
				INFOPLIST_KEY_UIApplicationSceneManifest_Generation = YES;
				INFOPLIST_KEY_UIApplicationSupportsIndirectInputEvents = YES;
				INFOPLIST_KEY_UILaunchScreen_Generation = YES;
				INFOPLIST_KEY_UISupportedInterfaceOrientations_iPad = "UIInterfaceOrientationPortrait UIInterfaceOrientationPortraitUpsideDown UIInterfaceOrientationLandscapeLeft UIInterfaceOrientationLandscapeRight";
				INFOPLIST_KEY_UISupportedInterfaceOrientations_iPhone = "UIInterfaceOrientationPortrait UIInterfaceOrientationLandscapeLeft UIInterfaceOrientationLandscapeRight";
				LD_RUNPATH_SEARCH_PATHS = (
					"$(inherited)",
					"@executable_path/Frameworks",
				);
				MARKETING_VERSION = 1.0;
				PRODUCT_BUNDLE_IDENTIFIER = com.KennethWelbeck.JPMCSchoolChallenge;
				PRODUCT_NAME = "$(TARGET_NAME)";
				SWIFT_EMIT_LOC_STRINGS = YES;
				SWIFT_VERSION = 5.0;
				TARGETED_DEVICE_FAMILY = "1,2";
			};
			name = Debug;
		};
		02CCC33F2A9F96AF00629DA2 /* Release */ = {
			isa = XCBuildConfiguration;
			buildSettings = {
				ASSETCATALOG_COMPILER_APPICON_NAME = AppIcon;
				ASSETCATALOG_COMPILER_GLOBAL_ACCENT_COLOR_NAME = AccentColor;
				CODE_SIGN_STYLE = Automatic;
				CURRENT_PROJECT_VERSION = 1;
				DEVELOPMENT_ASSET_PATHS = "\"JPMCSchoolChallenge/Preview Content\"";
				DEVELOPMENT_TEAM = 23776499PM;
				ENABLE_PREVIEWS = YES;
				GENERATE_INFOPLIST_FILE = YES;
				INFOPLIST_KEY_UIApplicationSceneManifest_Generation = YES;
				INFOPLIST_KEY_UIApplicationSupportsIndirectInputEvents = YES;
				INFOPLIST_KEY_UILaunchScreen_Generation = YES;
				INFOPLIST_KEY_UISupportedInterfaceOrientations_iPad = "UIInterfaceOrientationPortrait UIInterfaceOrientationPortraitUpsideDown UIInterfaceOrientationLandscapeLeft UIInterfaceOrientationLandscapeRight";
				INFOPLIST_KEY_UISupportedInterfaceOrientations_iPhone = "UIInterfaceOrientationPortrait UIInterfaceOrientationLandscapeLeft UIInterfaceOrientationLandscapeRight";
				LD_RUNPATH_SEARCH_PATHS = (
					"$(inherited)",
					"@executable_path/Frameworks",
				);
				MARKETING_VERSION = 1.0;
				PRODUCT_BUNDLE_IDENTIFIER = com.KennethWelbeck.JPMCSchoolChallenge;
				PRODUCT_NAME = "$(TARGET_NAME)";
				SWIFT_EMIT_LOC_STRINGS = YES;
				SWIFT_VERSION = 5.0;
				TARGETED_DEVICE_FAMILY = "1,2";
			};
			name = Release;
		};
		02CCC3412A9F96B000629DA2 /* Debug */ = {
			isa = XCBuildConfiguration;
			buildSettings = {
				ALWAYS_EMBED_SWIFT_STANDARD_LIBRARIES = YES;
				BUNDLE_LOADER = "$(TEST_HOST)";
				CODE_SIGN_STYLE = Automatic;
				CURRENT_PROJECT_VERSION = 1;
				DEVELOPMENT_TEAM = 23776499PM;
				GENERATE_INFOPLIST_FILE = YES;
				IPHONEOS_DEPLOYMENT_TARGET = 16.4;
				MARKETING_VERSION = 1.0;
				PRODUCT_BUNDLE_IDENTIFIER = com.KennethWelbeck.JPMCSchoolChallengeTests;
				PRODUCT_NAME = "$(TARGET_NAME)";
				SWIFT_EMIT_LOC_STRINGS = NO;
				SWIFT_VERSION = 5.0;
				TARGETED_DEVICE_FAMILY = "1,2";
				TEST_HOST = "$(BUILT_PRODUCTS_DIR)/JPMCSchoolChallenge.app/$(BUNDLE_EXECUTABLE_FOLDER_PATH)/JPMCSchoolChallenge";
			};
			name = Debug;
		};
		02CCC3422A9F96B000629DA2 /* Release */ = {
			isa = XCBuildConfiguration;
			buildSettings = {
				ALWAYS_EMBED_SWIFT_STANDARD_LIBRARIES = YES;
				BUNDLE_LOADER = "$(TEST_HOST)";
				CODE_SIGN_STYLE = Automatic;
				CURRENT_PROJECT_VERSION = 1;
				DEVELOPMENT_TEAM = 23776499PM;
				GENERATE_INFOPLIST_FILE = YES;
				IPHONEOS_DEPLOYMENT_TARGET = 16.4;
				MARKETING_VERSION = 1.0;
				PRODUCT_BUNDLE_IDENTIFIER = com.KennethWelbeck.JPMCSchoolChallengeTests;
				PRODUCT_NAME = "$(TARGET_NAME)";
				SWIFT_EMIT_LOC_STRINGS = NO;
				SWIFT_VERSION = 5.0;
				TARGETED_DEVICE_FAMILY = "1,2";
				TEST_HOST = "$(BUILT_PRODUCTS_DIR)/JPMCSchoolChallenge.app/$(BUNDLE_EXECUTABLE_FOLDER_PATH)/JPMCSchoolChallenge";
			};
			name = Release;
		};
		02CCC3442A9F96B000629DA2 /* Debug */ = {
			isa = XCBuildConfiguration;
			buildSettings = {
				ALWAYS_EMBED_SWIFT_STANDARD_LIBRARIES = YES;
				CODE_SIGN_STYLE = Automatic;
				CURRENT_PROJECT_VERSION = 1;
				DEVELOPMENT_TEAM = 23776499PM;
				GENERATE_INFOPLIST_FILE = YES;
				MARKETING_VERSION = 1.0;
				PRODUCT_BUNDLE_IDENTIFIER = com.KennethWelbeck.JPMCSchoolChallengeUITests;
				PRODUCT_NAME = "$(TARGET_NAME)";
				SWIFT_EMIT_LOC_STRINGS = NO;
				SWIFT_VERSION = 5.0;
				TARGETED_DEVICE_FAMILY = "1,2";
				TEST_TARGET_NAME = JPMCSchoolChallenge;
			};
			name = Debug;
		};
		02CCC3452A9F96B000629DA2 /* Release */ = {
			isa = XCBuildConfiguration;
			buildSettings = {
				ALWAYS_EMBED_SWIFT_STANDARD_LIBRARIES = YES;
				CODE_SIGN_STYLE = Automatic;
				CURRENT_PROJECT_VERSION = 1;
				DEVELOPMENT_TEAM = 23776499PM;
				GENERATE_INFOPLIST_FILE = YES;
				MARKETING_VERSION = 1.0;
				PRODUCT_BUNDLE_IDENTIFIER = com.KennethWelbeck.JPMCSchoolChallengeUITests;
				PRODUCT_NAME = "$(TARGET_NAME)";
				SWIFT_EMIT_LOC_STRINGS = NO;
				SWIFT_VERSION = 5.0;
				TARGETED_DEVICE_FAMILY = "1,2";
				TEST_TARGET_NAME = JPMCSchoolChallenge;
			};
			name = Release;
		};
/* End XCBuildConfiguration section */

/* Begin XCConfigurationList section */
		02CCC3142A9F96AD00629DA2 /* Build configuration list for PBXProject "JPMCSchoolChallenge" */ = {
			isa = XCConfigurationList;
			buildConfigurations = (
				02CCC33B2A9F96AF00629DA2 /* Debug */,
				02CCC33C2A9F96AF00629DA2 /* Release */,
			);
			defaultConfigurationIsVisible = 0;
			defaultConfigurationName = Release;
		};
		02CCC33D2A9F96AF00629DA2 /* Build configuration list for PBXNativeTarget "JPMCSchoolChallenge" */ = {
			isa = XCConfigurationList;
			buildConfigurations = (
				02CCC33E2A9F96AF00629DA2 /* Debug */,
				02CCC33F2A9F96AF00629DA2 /* Release */,
			);
			defaultConfigurationIsVisible = 0;
			defaultConfigurationName = Release;
		};
		02CCC3402A9F96B000629DA2 /* Build configuration list for PBXNativeTarget "JPMCSchoolChallengeTests" */ = {
			isa = XCConfigurationList;
			buildConfigurations = (
				02CCC3412A9F96B000629DA2 /* Debug */,
				02CCC3422A9F96B000629DA2 /* Release */,
			);
			defaultConfigurationIsVisible = 0;
			defaultConfigurationName = Release;
		};
		02CCC3432A9F96B000629DA2 /* Build configuration list for PBXNativeTarget "JPMCSchoolChallengeUITests" */ = {
			isa = XCConfigurationList;
			buildConfigurations = (
				02CCC3442A9F96B000629DA2 /* Debug */,
				02CCC3452A9F96B000629DA2 /* Release */,
			);
			defaultConfigurationIsVisible = 0;
			defaultConfigurationName = Release;
		};
/* End XCConfigurationList section */
	};
	rootObject = 02CCC3112A9F96AD00629DA2 /* Project object */;
}
